// !$*UTF8*$!
{
	archiveVersion = 1;
	classes = {
	};
	objectVersion = 46;
	objects = {

/* Begin PBXBuildFile section */
		3A5E338FAD4D410CBB5EBCCF /* libPods.a in Frameworks */ = {isa = PBXBuildFile; fileRef = 0F286E9187854A07BFA2DE51 /* libPods.a */; };
		EA2E469618119ED80008BF37 /* SystemConfiguration.framework in Frameworks */ = {isa = PBXBuildFile; fileRef = EA2E469518119ED80008BF37 /* SystemConfiguration.framework */; };
		EA2E46AC1811A5D70008BF37 /* SWGApiClient.m in Sources */ = {isa = PBXBuildFile; fileRef = EA2E469B1811A5D70008BF37 /* SWGApiClient.m */; };
		EA2E46AD1811A5D70008BF37 /* SWGDate.m in Sources */ = {isa = PBXBuildFile; fileRef = EA2E469D1811A5D70008BF37 /* SWGDate.m */; };
		EA2E46AE1811A5D70008BF37 /* SWGEvent.m in Sources */ = {isa = PBXBuildFile; fileRef = EA2E469F1811A5D70008BF37 /* SWGEvent.m */; };
		EA2E46AF1811A5D70008BF37 /* SWGEventsApi.m in Sources */ = {isa = PBXBuildFile; fileRef = EA2E46A11811A5D70008BF37 /* SWGEventsApi.m */; };
		EA2E46B01811A5D70008BF37 /* SWGEventStatus.m in Sources */ = {isa = PBXBuildFile; fileRef = EA2E46A31811A5D70008BF37 /* SWGEventStatus.m */; };
		EA2E46B11811A5D70008BF37 /* SWGFile.m in Sources */ = {isa = PBXBuildFile; fileRef = EA2E46A51811A5D70008BF37 /* SWGFile.m */; };
		EA2E46B21811A5D70008BF37 /* SWGObject.m in Sources */ = {isa = PBXBuildFile; fileRef = EA2E46A71811A5D70008BF37 /* SWGObject.m */; };
		EA2E46B31811A5D70008BF37 /* SWGPeopleApi.m in Sources */ = {isa = PBXBuildFile; fileRef = EA2E46A91811A5D70008BF37 /* SWGPeopleApi.m */; };
		EA2E46B41811A5D70008BF37 /* SWGPerson.m in Sources */ = {isa = PBXBuildFile; fileRef = EA2E46AB1811A5D70008BF37 /* SWGPerson.m */; };
		EA8089191811944600BFA71A /* Foundation.framework in Frameworks */ = {isa = PBXBuildFile; fileRef = EA8089181811944600BFA71A /* Foundation.framework */; };
		EA80891B1811944600BFA71A /* CoreGraphics.framework in Frameworks */ = {isa = PBXBuildFile; fileRef = EA80891A1811944600BFA71A /* CoreGraphics.framework */; };
		EA80891D1811944600BFA71A /* UIKit.framework in Frameworks */ = {isa = PBXBuildFile; fileRef = EA80891C1811944600BFA71A /* UIKit.framework */; };
		EA8089231811944600BFA71A /* InfoPlist.strings in Resources */ = {isa = PBXBuildFile; fileRef = EA8089211811944600BFA71A /* InfoPlist.strings */; };
		EA8089251811944600BFA71A /* main.m in Sources */ = {isa = PBXBuildFile; fileRef = EA8089241811944600BFA71A /* main.m */; };
		EA8089291811944600BFA71A /* AppDelegate.m in Sources */ = {isa = PBXBuildFile; fileRef = EA8089281811944600BFA71A /* AppDelegate.m */; };
		EA80892C1811944600BFA71A /* Main_iPhone.storyboard in Resources */ = {isa = PBXBuildFile; fileRef = EA80892A1811944600BFA71A /* Main_iPhone.storyboard */; };
		EA80892F1811944600BFA71A /* Main_iPad.storyboard in Resources */ = {isa = PBXBuildFile; fileRef = EA80892D1811944600BFA71A /* Main_iPad.storyboard */; };
		EA8089321811944600BFA71A /* ViewController.m in Sources */ = {isa = PBXBuildFile; fileRef = EA8089311811944600BFA71A /* ViewController.m */; };
		EA8089341811944600BFA71A /* Images.xcassets in Resources */ = {isa = PBXBuildFile; fileRef = EA8089331811944600BFA71A /* Images.xcassets */; };
		EA80893B1811944600BFA71A /* XCTest.framework in Frameworks */ = {isa = PBXBuildFile; fileRef = EA80893A1811944600BFA71A /* XCTest.framework */; };
		EA80893C1811944600BFA71A /* Foundation.framework in Frameworks */ = {isa = PBXBuildFile; fileRef = EA8089181811944600BFA71A /* Foundation.framework */; };
		EA80893D1811944600BFA71A /* UIKit.framework in Frameworks */ = {isa = PBXBuildFile; fileRef = EA80891C1811944600BFA71A /* UIKit.framework */; };
		EA8089451811944600BFA71A /* InfoPlist.strings in Resources */ = {isa = PBXBuildFile; fileRef = EA8089431811944600BFA71A /* InfoPlist.strings */; };
		EA8089471811944600BFA71A /* SampleTests.m in Sources */ = {isa = PBXBuildFile; fileRef = EA8089461811944600BFA71A /* SampleTests.m */; };
/* End PBXBuildFile section */

/* Begin PBXContainerItemProxy section */
		EA80893E1811944600BFA71A /* PBXContainerItemProxy */ = {
			isa = PBXContainerItemProxy;
			containerPortal = EA80890D1811944600BFA71A /* Project object */;
			proxyType = 1;
			remoteGlobalIDString = EA8089141811944600BFA71A;
			remoteInfo = Sample;
		};
/* End PBXContainerItemProxy section */

/* Begin PBXFileReference section */
		0F286E9187854A07BFA2DE51 /* libPods.a */ = {isa = PBXFileReference; explicitFileType = archive.ar; includeInIndex = 0; path = libPods.a; sourceTree = BUILT_PRODUCTS_DIR; };
		52A3CB95A8FF4923A593570A /* Pods.xcconfig */ = {isa = PBXFileReference; includeInIndex = 1; lastKnownFileType = text.xcconfig; name = Pods.xcconfig; path = ../Pods/Pods.xcconfig; sourceTree = "<group>"; };
		EA2E469518119ED80008BF37 /* SystemConfiguration.framework */ = {isa = PBXFileReference; lastKnownFileType = wrapper.framework; name = SystemConfiguration.framework; path = System/Library/Frameworks/SystemConfiguration.framework; sourceTree = SDKROOT; };
		EA2E469A1811A5D70008BF37 /* SWGApiClient.h */ = {isa = PBXFileReference; fileEncoding = 4; lastKnownFileType = sourcecode.c.h; name = SWGApiClient.h; path = ../Classes/SWGApiClient.h; sourceTree = "<group>"; };
		EA2E469B1811A5D70008BF37 /* SWGApiClient.m */ = {isa = PBXFileReference; fileEncoding = 4; lastKnownFileType = sourcecode.c.objc; name = SWGApiClient.m; path = ../Classes/SWGApiClient.m; sourceTree = "<group>"; };
		EA2E469C1811A5D70008BF37 /* SWGDate.h */ = {isa = PBXFileReference; fileEncoding = 4; lastKnownFileType = sourcecode.c.h; name = SWGDate.h; path = ../Classes/SWGDate.h; sourceTree = "<group>"; };
		EA2E469D1811A5D70008BF37 /* SWGDate.m */ = {isa = PBXFileReference; fileEncoding = 4; lastKnownFileType = sourcecode.c.objc; name = SWGDate.m; path = ../Classes/SWGDate.m; sourceTree = "<group>"; };
		EA2E469E1811A5D70008BF37 /* SWGEvent.h */ = {isa = PBXFileReference; fileEncoding = 4; lastKnownFileType = sourcecode.c.h; name = SWGEvent.h; path = ../Classes/SWGEvent.h; sourceTree = "<group>"; };
		EA2E469F1811A5D70008BF37 /* SWGEvent.m */ = {isa = PBXFileReference; fileEncoding = 4; lastKnownFileType = sourcecode.c.objc; name = SWGEvent.m; path = ../Classes/SWGEvent.m; sourceTree = "<group>"; };
		EA2E46A01811A5D70008BF37 /* SWGEventsApi.h */ = {isa = PBXFileReference; fileEncoding = 4; lastKnownFileType = sourcecode.c.h; name = SWGEventsApi.h; path = ../Classes/SWGEventsApi.h; sourceTree = "<group>"; };
		EA2E46A11811A5D70008BF37 /* SWGEventsApi.m */ = {isa = PBXFileReference; fileEncoding = 4; lastKnownFileType = sourcecode.c.objc; name = SWGEventsApi.m; path = ../Classes/SWGEventsApi.m; sourceTree = "<group>"; };
		EA2E46A21811A5D70008BF37 /* SWGEventStatus.h */ = {isa = PBXFileReference; fileEncoding = 4; lastKnownFileType = sourcecode.c.h; name = SWGEventStatus.h; path = ../Classes/SWGEventStatus.h; sourceTree = "<group>"; };
		EA2E46A31811A5D70008BF37 /* SWGEventStatus.m */ = {isa = PBXFileReference; fileEncoding = 4; lastKnownFileType = sourcecode.c.objc; name = SWGEventStatus.m; path = ../Classes/SWGEventStatus.m; sourceTree = "<group>"; };
		EA2E46A41811A5D70008BF37 /* SWGFile.h */ = {isa = PBXFileReference; fileEncoding = 4; lastKnownFileType = sourcecode.c.h; name = SWGFile.h; path = ../Classes/SWGFile.h; sourceTree = "<group>"; };
		EA2E46A51811A5D70008BF37 /* SWGFile.m */ = {isa = PBXFileReference; fileEncoding = 4; lastKnownFileType = sourcecode.c.objc; name = SWGFile.m; path = ../Classes/SWGFile.m; sourceTree = "<group>"; };
		EA2E46A61811A5D70008BF37 /* SWGObject.h */ = {isa = PBXFileReference; fileEncoding = 4; lastKnownFileType = sourcecode.c.h; name = SWGObject.h; path = ../Classes/SWGObject.h; sourceTree = "<group>"; };
		EA2E46A71811A5D70008BF37 /* SWGObject.m */ = {isa = PBXFileReference; fileEncoding = 4; lastKnownFileType = sourcecode.c.objc; name = SWGObject.m; path = ../Classes/SWGObject.m; sourceTree = "<group>"; };
		EA2E46A81811A5D70008BF37 /* SWGPeopleApi.h */ = {isa = PBXFileReference; fileEncoding = 4; lastKnownFileType = sourcecode.c.h; name = SWGPeopleApi.h; path = ../Classes/SWGPeopleApi.h; sourceTree = "<group>"; };
		EA2E46A91811A5D70008BF37 /* SWGPeopleApi.m */ = {isa = PBXFileReference; fileEncoding = 4; lastKnownFileType = sourcecode.c.objc; name = SWGPeopleApi.m; path = ../Classes/SWGPeopleApi.m; sourceTree = "<group>"; };
		EA2E46AA1811A5D70008BF37 /* SWGPerson.h */ = {isa = PBXFileReference; fileEncoding = 4; lastKnownFileType = sourcecode.c.h; name = SWGPerson.h; path = ../Classes/SWGPerson.h; sourceTree = "<group>"; };
		EA2E46AB1811A5D70008BF37 /* SWGPerson.m */ = {isa = PBXFileReference; fileEncoding = 4; lastKnownFileType = sourcecode.c.objc; name = SWGPerson.m; path = ../Classes/SWGPerson.m; sourceTree = "<group>"; };
		EA8089151811944600BFA71A /* Sample.app */ = {isa = PBXFileReference; explicitFileType = wrapper.application; includeInIndex = 0; path = Sample.app; sourceTree = BUILT_PRODUCTS_DIR; };
		EA8089181811944600BFA71A /* Foundation.framework */ = {isa = PBXFileReference; lastKnownFileType = wrapper.framework; name = Foundation.framework; path = System/Library/Frameworks/Foundation.framework; sourceTree = SDKROOT; };
		EA80891A1811944600BFA71A /* CoreGraphics.framework */ = {isa = PBXFileReference; lastKnownFileType = wrapper.framework; name = CoreGraphics.framework; path = System/Library/Frameworks/CoreGraphics.framework; sourceTree = SDKROOT; };
		EA80891C1811944600BFA71A /* UIKit.framework */ = {isa = PBXFileReference; lastKnownFileType = wrapper.framework; name = UIKit.framework; path = System/Library/Frameworks/UIKit.framework; sourceTree = SDKROOT; };
		EA8089201811944600BFA71A /* Sample-Info.plist */ = {isa = PBXFileReference; lastKnownFileType = text.plist.xml; path = "Sample-Info.plist"; sourceTree = "<group>"; };
		EA8089221811944600BFA71A /* en */ = {isa = PBXFileReference; lastKnownFileType = text.plist.strings; name = en; path = en.lproj/InfoPlist.strings; sourceTree = "<group>"; };
		EA8089241811944600BFA71A /* main.m */ = {isa = PBXFileReference; lastKnownFileType = sourcecode.c.objc; path = main.m; sourceTree = "<group>"; };
		EA8089261811944600BFA71A /* Sample-Prefix.pch */ = {isa = PBXFileReference; lastKnownFileType = sourcecode.c.h; path = "Sample-Prefix.pch"; sourceTree = "<group>"; };
		EA8089271811944600BFA71A /* AppDelegate.h */ = {isa = PBXFileReference; lastKnownFileType = sourcecode.c.h; path = AppDelegate.h; sourceTree = "<group>"; };
		EA8089281811944600BFA71A /* AppDelegate.m */ = {isa = PBXFileReference; lastKnownFileType = sourcecode.c.objc; path = AppDelegate.m; sourceTree = "<group>"; };
		EA80892B1811944600BFA71A /* Base */ = {isa = PBXFileReference; lastKnownFileType = file.storyboard; name = Base; path = Base.lproj/Main_iPhone.storyboard; sourceTree = "<group>"; };
		EA80892E1811944600BFA71A /* Base */ = {isa = PBXFileReference; lastKnownFileType = file.storyboard; name = Base; path = Base.lproj/Main_iPad.storyboard; sourceTree = "<group>"; };
		EA8089301811944600BFA71A /* ViewController.h */ = {isa = PBXFileReference; lastKnownFileType = sourcecode.c.h; path = ViewController.h; sourceTree = "<group>"; };
		EA8089311811944600BFA71A /* ViewController.m */ = {isa = PBXFileReference; lastKnownFileType = sourcecode.c.objc; path = ViewController.m; sourceTree = "<group>"; };
		EA8089331811944600BFA71A /* Images.xcassets */ = {isa = PBXFileReference; lastKnownFileType = folder.assetcatalog; path = Images.xcassets; sourceTree = "<group>"; };
		EA8089391811944600BFA71A /* SampleTests.xctest */ = {isa = PBXFileReference; explicitFileType = wrapper.cfbundle; includeInIndex = 0; path = SampleTests.xctest; sourceTree = BUILT_PRODUCTS_DIR; };
		EA80893A1811944600BFA71A /* XCTest.framework */ = {isa = PBXFileReference; lastKnownFileType = wrapper.framework; name = XCTest.framework; path = Library/Frameworks/XCTest.framework; sourceTree = DEVELOPER_DIR; };
		EA8089421811944600BFA71A /* SampleTests-Info.plist */ = {isa = PBXFileReference; lastKnownFileType = text.plist.xml; path = "SampleTests-Info.plist"; sourceTree = "<group>"; };
		EA8089441811944600BFA71A /* en */ = {isa = PBXFileReference; lastKnownFileType = text.plist.strings; name = en; path = en.lproj/InfoPlist.strings; sourceTree = "<group>"; };
		EA8089461811944600BFA71A /* SampleTests.m */ = {isa = PBXFileReference; lastKnownFileType = sourcecode.c.objc; path = SampleTests.m; sourceTree = "<group>"; };
/* End PBXFileReference section */

/* Begin PBXFrameworksBuildPhase section */
		EA8089121811944600BFA71A /* Frameworks */ = {
			isa = PBXFrameworksBuildPhase;
			buildActionMask = 2147483647;
			files = (
				EA2E469618119ED80008BF37 /* SystemConfiguration.framework in Frameworks */,
				EA80891B1811944600BFA71A /* CoreGraphics.framework in Frameworks */,
				EA80891D1811944600BFA71A /* UIKit.framework in Frameworks */,
				EA8089191811944600BFA71A /* Foundation.framework in Frameworks */,
				3A5E338FAD4D410CBB5EBCCF /* libPods.a in Frameworks */,
			);
			runOnlyForDeploymentPostprocessing = 0;
		};
		EA8089361811944600BFA71A /* Frameworks */ = {
			isa = PBXFrameworksBuildPhase;
			buildActionMask = 2147483647;
			files = (
				EA80893B1811944600BFA71A /* XCTest.framework in Frameworks */,
				EA80893D1811944600BFA71A /* UIKit.framework in Frameworks */,
				EA80893C1811944600BFA71A /* Foundation.framework in Frameworks */,
			);
			runOnlyForDeploymentPostprocessing = 0;
		};
/* End PBXFrameworksBuildPhase section */

/* Begin PBXGroup section */
		EA80890C1811944600BFA71A = {
			isa = PBXGroup;
			children = (
				EA2E469A1811A5D70008BF37 /* SWGApiClient.h */,
				EA2E469B1811A5D70008BF37 /* SWGApiClient.m */,
				EA2E469C1811A5D70008BF37 /* SWGDate.h */,
				EA2E469D1811A5D70008BF37 /* SWGDate.m */,
				EA2E469E1811A5D70008BF37 /* SWGEvent.h */,
				EA2E469F1811A5D70008BF37 /* SWGEvent.m */,
				EA2E46A01811A5D70008BF37 /* SWGEventsApi.h */,
				EA2E46A11811A5D70008BF37 /* SWGEventsApi.m */,
				EA2E46A21811A5D70008BF37 /* SWGEventStatus.h */,
				EA2E46A31811A5D70008BF37 /* SWGEventStatus.m */,
				EA2E46A41811A5D70008BF37 /* SWGFile.h */,
				EA2E46A51811A5D70008BF37 /* SWGFile.m */,
				EA2E46A61811A5D70008BF37 /* SWGObject.h */,
				EA2E46A71811A5D70008BF37 /* SWGObject.m */,
				EA2E46A81811A5D70008BF37 /* SWGPeopleApi.h */,
				EA2E46A91811A5D70008BF37 /* SWGPeopleApi.m */,
				EA2E46AA1811A5D70008BF37 /* SWGPerson.h */,
				EA2E46AB1811A5D70008BF37 /* SWGPerson.m */,
				EA80891E1811944600BFA71A /* Sample */,
				EA8089401811944600BFA71A /* SampleTests */,
				EA8089171811944600BFA71A /* Frameworks */,
				EA8089161811944600BFA71A /* Products */,
				52A3CB95A8FF4923A593570A /* Pods.xcconfig */,
			);
			sourceTree = "<group>";
		};
		EA8089161811944600BFA71A /* Products */ = {
			isa = PBXGroup;
			children = (
				EA8089151811944600BFA71A /* Sample.app */,
				EA8089391811944600BFA71A /* SampleTests.xctest */,
			);
			name = Products;
			sourceTree = "<group>";
		};
		EA8089171811944600BFA71A /* Frameworks */ = {
			isa = PBXGroup;
			children = (
				EA2E469518119ED80008BF37 /* SystemConfiguration.framework */,
				EA8089181811944600BFA71A /* Foundation.framework */,
				EA80891A1811944600BFA71A /* CoreGraphics.framework */,
				EA80891C1811944600BFA71A /* UIKit.framework */,
				EA80893A1811944600BFA71A /* XCTest.framework */,
				0F286E9187854A07BFA2DE51 /* libPods.a */,
			);
			name = Frameworks;
			sourceTree = "<group>";
		};
		EA80891E1811944600BFA71A /* Sample */ = {
			isa = PBXGroup;
			children = (
				EA8089271811944600BFA71A /* AppDelegate.h */,
				EA8089281811944600BFA71A /* AppDelegate.m */,
				EA80892A1811944600BFA71A /* Main_iPhone.storyboard */,
				EA80892D1811944600BFA71A /* Main_iPad.storyboard */,
				EA8089301811944600BFA71A /* ViewController.h */,
				EA8089311811944600BFA71A /* ViewController.m */,
				EA8089331811944600BFA71A /* Images.xcassets */,
				EA80891F1811944600BFA71A /* Supporting Files */,
			);
			path = Sample;
			sourceTree = "<group>";
		};
		EA80891F1811944600BFA71A /* Supporting Files */ = {
			isa = PBXGroup;
			children = (
				EA8089201811944600BFA71A /* Sample-Info.plist */,
				EA8089211811944600BFA71A /* InfoPlist.strings */,
				EA8089241811944600BFA71A /* main.m */,
				EA8089261811944600BFA71A /* Sample-Prefix.pch */,
			);
			name = "Supporting Files";
			sourceTree = "<group>";
		};
		EA8089401811944600BFA71A /* SampleTests */ = {
			isa = PBXGroup;
			children = (
				EA8089461811944600BFA71A /* SampleTests.m */,
				EA8089411811944600BFA71A /* Supporting Files */,
			);
			path = SampleTests;
			sourceTree = "<group>";
		};
		EA8089411811944600BFA71A /* Supporting Files */ = {
			isa = PBXGroup;
			children = (
				EA8089421811944600BFA71A /* SampleTests-Info.plist */,
				EA8089431811944600BFA71A /* InfoPlist.strings */,
			);
			name = "Supporting Files";
			sourceTree = "<group>";
		};
/* End PBXGroup section */

/* Begin PBXNativeTarget section */
		EA8089141811944600BFA71A /* Sample */ = {
			isa = PBXNativeTarget;
			buildConfigurationList = EA80894A1811944600BFA71A /* Build configuration list for PBXNativeTarget "Sample" */;
			buildPhases = (
				3607FA1DD2484BC3AE98449A /* Check Pods Manifest.lock */,
				EA8089111811944600BFA71A /* Sources */,
				EA8089121811944600BFA71A /* Frameworks */,
				EA8089131811944600BFA71A /* Resources */,
				6AF86252135342249EE9257F /* Copy Pods Resources */,
			);
			buildRules = (
			);
			dependencies = (
			);
			name = Sample;
			productName = Sample;
			productReference = EA8089151811944600BFA71A /* Sample.app */;
			productType = "com.apple.product-type.application";
		};
		EA8089381811944600BFA71A /* SampleTests */ = {
			isa = PBXNativeTarget;
			buildConfigurationList = EA80894D1811944600BFA71A /* Build configuration list for PBXNativeTarget "SampleTests" */;
			buildPhases = (
				EA8089351811944600BFA71A /* Sources */,
				EA8089361811944600BFA71A /* Frameworks */,
				EA8089371811944600BFA71A /* Resources */,
			);
			buildRules = (
			);
			dependencies = (
				EA80893F1811944600BFA71A /* PBXTargetDependency */,
			);
			name = SampleTests;
			productName = SampleTests;
			productReference = EA8089391811944600BFA71A /* SampleTests.xctest */;
			productType = "com.apple.product-type.bundle.unit-test";
		};
/* End PBXNativeTarget section */

/* Begin PBXProject section */
		EA80890D1811944600BFA71A /* Project object */ = {
			isa = PBXProject;
			attributes = {
				LastUpgradeCheck = 0500;
				ORGANIZATIONNAME = Reverb;
				TargetAttributes = {
					EA8089381811944600BFA71A = {
						TestTargetID = EA8089141811944600BFA71A;
					};
				};
			};
			buildConfigurationList = EA8089101811944600BFA71A /* Build configuration list for PBXProject "Sample" */;
			compatibilityVersion = "Xcode 3.2";
			developmentRegion = English;
			hasScannedForEncodings = 0;
			knownRegions = (
				en,
				Base,
			);
			mainGroup = EA80890C1811944600BFA71A;
			productRefGroup = EA8089161811944600BFA71A /* Products */;
			projectDirPath = "";
			projectRoot = "";
			targets = (
				EA8089141811944600BFA71A /* Sample */,
				EA8089381811944600BFA71A /* SampleTests */,
			);
		};
/* End PBXProject section */

/* Begin PBXResourcesBuildPhase section */
		EA8089131811944600BFA71A /* Resources */ = {
			isa = PBXResourcesBuildPhase;
			buildActionMask = 2147483647;
			files = (
				EA80892F1811944600BFA71A /* Main_iPad.storyboard in Resources */,
				EA8089341811944600BFA71A /* Images.xcassets in Resources */,
				EA80892C1811944600BFA71A /* Main_iPhone.storyboard in Resources */,
				EA8089231811944600BFA71A /* InfoPlist.strings in Resources */,
			);
			runOnlyForDeploymentPostprocessing = 0;
		};
		EA8089371811944600BFA71A /* Resources */ = {
			isa = PBXResourcesBuildPhase;
			buildActionMask = 2147483647;
			files = (
				EA8089451811944600BFA71A /* InfoPlist.strings in Resources */,
			);
			runOnlyForDeploymentPostprocessing = 0;
		};
/* End PBXResourcesBuildPhase section */

/* Begin PBXShellScriptBuildPhase section */
		3607FA1DD2484BC3AE98449A /* Check Pods Manifest.lock */ = {
			isa = PBXShellScriptBuildPhase;
			buildActionMask = 2147483647;
			files = (
			);
			inputPaths = (
			);
			name = "Check Pods Manifest.lock";
			outputPaths = (
			);
			runOnlyForDeploymentPostprocessing = 0;
			shellPath = /bin/sh;
			shellScript = "diff \"${PODS_ROOT}/../Podfile.lock\" \"${PODS_ROOT}/Manifest.lock\" > /dev/null\nif [[ $? != 0 ]] ; then\n    cat << EOM\nerror: The sandbox is not in sync with the Podfile.lock. Run 'pod install' or update your CocoaPods installation.\nEOM\n    exit 1\nfi\n";
			showEnvVarsInLog = 0;
		};
		6AF86252135342249EE9257F /* Copy Pods Resources */ = {
			isa = PBXShellScriptBuildPhase;
			buildActionMask = 2147483647;
			files = (
			);
			inputPaths = (
			);
			name = "Copy Pods Resources";
			outputPaths = (
			);
			runOnlyForDeploymentPostprocessing = 0;
			shellPath = /bin/sh;
			shellScript = "\"${SRCROOT}/../Pods/Pods-resources.sh\"\n";
			showEnvVarsInLog = 0;
		};
/* End PBXShellScriptBuildPhase section */

/* Begin PBXSourcesBuildPhase section */
		EA8089111811944600BFA71A /* Sources */ = {
			isa = PBXSourcesBuildPhase;
			buildActionMask = 2147483647;
			files = (
				EA8089321811944600BFA71A /* ViewController.m in Sources */,
				EA2E46AF1811A5D70008BF37 /* SWGEventsApi.m in Sources */,
				EA2E46B01811A5D70008BF37 /* SWGEventStatus.m in Sources */,
				EA2E46B21811A5D70008BF37 /* SWGObject.m in Sources */,
				EA8089291811944600BFA71A /* AppDelegate.m in Sources */,
				EA2E46AE1811A5D70008BF37 /* SWGEvent.m in Sources */,
				EA2E46AD1811A5D70008BF37 /* SWGDate.m in Sources */,
				EA2E46B11811A5D70008BF37 /* SWGFile.m in Sources */,
				EA2E46B31811A5D70008BF37 /* SWGPeopleApi.m in Sources */,
				EA2E46B41811A5D70008BF37 /* SWGPerson.m in Sources */,
				EA8089251811944600BFA71A /* main.m in Sources */,
				EA2E46AC1811A5D70008BF37 /* SWGApiClient.m in Sources */,
			);
			runOnlyForDeploymentPostprocessing = 0;
		};
		EA8089351811944600BFA71A /* Sources */ = {
			isa = PBXSourcesBuildPhase;
			buildActionMask = 2147483647;
			files = (
				EA8089471811944600BFA71A /* SampleTests.m in Sources */,
			);
			runOnlyForDeploymentPostprocessing = 0;
		};
/* End PBXSourcesBuildPhase section */

/* Begin PBXTargetDependency section */
		EA80893F1811944600BFA71A /* PBXTargetDependency */ = {
			isa = PBXTargetDependency;
			target = EA8089141811944600BFA71A /* Sample */;
			targetProxy = EA80893E1811944600BFA71A /* PBXContainerItemProxy */;
		};
/* End PBXTargetDependency section */

/* Begin PBXVariantGroup section */
		EA8089211811944600BFA71A /* InfoPlist.strings */ = {
			isa = PBXVariantGroup;
			children = (
				EA8089221811944600BFA71A /* en */,
			);
			name = InfoPlist.strings;
			sourceTree = "<group>";
		};
		EA80892A1811944600BFA71A /* Main_iPhone.storyboard */ = {
			isa = PBXVariantGroup;
			children = (
				EA80892B1811944600BFA71A /* Base */,
			);
			name = Main_iPhone.storyboard;
			sourceTree = "<group>";
		};
		EA80892D1811944600BFA71A /* Main_iPad.storyboard */ = {
			isa = PBXVariantGroup;
			children = (
				EA80892E1811944600BFA71A /* Base */,
			);
			name = Main_iPad.storyboard;
			sourceTree = "<group>";
		};
		EA8089431811944600BFA71A /* InfoPlist.strings */ = {
			isa = PBXVariantGroup;
			children = (
				EA8089441811944600BFA71A /* en */,
			);
			name = InfoPlist.strings;
			sourceTree = "<group>";
		};
/* End PBXVariantGroup section */

/* Begin XCBuildConfiguration section */
		EA8089481811944600BFA71A /* Debug */ = {
			isa = XCBuildConfiguration;
			buildSettings = {
				ALWAYS_SEARCH_USER_PATHS = NO;
				ARCHS = "$(ARCHS_STANDARD_INCLUDING_64_BIT)";
				CLANG_CXX_LANGUAGE_STANDARD = "gnu++0x";
				CLANG_CXX_LIBRARY = "libc++";
				CLANG_ENABLE_MODULES = YES;
				CLANG_ENABLE_OBJC_ARC = YES;
				CLANG_WARN_BOOL_CONVERSION = YES;
				CLANG_WARN_CONSTANT_CONVERSION = YES;
				CLANG_WARN_DIRECT_OBJC_ISA_USAGE = YES_ERROR;
				CLANG_WARN_EMPTY_BODY = YES;
				CLANG_WARN_ENUM_CONVERSION = YES;
				CLANG_WARN_INT_CONVERSION = YES;
				CLANG_WARN_OBJC_ROOT_CLASS = YES_ERROR;
				CLANG_WARN__DUPLICATE_METHOD_MATCH = YES;
				"CODE_SIGN_IDENTITY[sdk=iphoneos*]" = "iPhone Developer";
				COPY_PHASE_STRIP = NO;
				GCC_C_LANGUAGE_STANDARD = gnu99;
				GCC_DYNAMIC_NO_PIC = NO;
				GCC_OPTIMIZATION_LEVEL = 0;
				GCC_PREPROCESSOR_DEFINITIONS = (
					"DEBUG=1",
					"$(inherited)",
				);
				GCC_SYMBOLS_PRIVATE_EXTERN = NO;
				GCC_WARN_64_TO_32_BIT_CONVERSION = YES;
				GCC_WARN_ABOUT_RETURN_TYPE = YES_ERROR;
				GCC_WARN_UNDECLARED_SELECTOR = YES;
				GCC_WARN_UNINITIALIZED_AUTOS = YES;
				GCC_WARN_UNUSED_FUNCTION = YES;
				GCC_WARN_UNUSED_VARIABLE = YES;
				IPHONEOS_DEPLOYMENT_TARGET = 7.0;
				ONLY_ACTIVE_ARCH = YES;
				SDKROOT = iphoneos;
				TARGETED_DEVICE_FAMILY = "1,2";
			};
			name = Debug;
		};
		EA8089491811944600BFA71A /* Release */ = {
			isa = XCBuildConfiguration;
			buildSettings = {
				ALWAYS_SEARCH_USER_PATHS = NO;
				ARCHS = "$(ARCHS_STANDARD_INCLUDING_64_BIT)";
				CLANG_CXX_LANGUAGE_STANDARD = "gnu++0x";
				CLANG_CXX_LIBRARY = "libc++";
				CLANG_ENABLE_MODULES = YES;
				CLANG_ENABLE_OBJC_ARC = YES;
				CLANG_WARN_BOOL_CONVERSION = YES;
				CLANG_WARN_CONSTANT_CONVERSION = YES;
				CLANG_WARN_DIRECT_OBJC_ISA_USAGE = YES_ERROR;
				CLANG_WARN_EMPTY_BODY = YES;
				CLANG_WARN_ENUM_CONVERSION = YES;
				CLANG_WARN_INT_CONVERSION = YES;
				CLANG_WARN_OBJC_ROOT_CLASS = YES_ERROR;
				CLANG_WARN__DUPLICATE_METHOD_MATCH = YES;
				"CODE_SIGN_IDENTITY[sdk=iphoneos*]" = "iPhone Developer";
				COPY_PHASE_STRIP = YES;
				ENABLE_NS_ASSERTIONS = NO;
				GCC_C_LANGUAGE_STANDARD = gnu99;
				GCC_WARN_64_TO_32_BIT_CONVERSION = YES;
				GCC_WARN_ABOUT_RETURN_TYPE = YES_ERROR;
				GCC_WARN_UNDECLARED_SELECTOR = YES;
				GCC_WARN_UNINITIALIZED_AUTOS = YES;
				GCC_WARN_UNUSED_FUNCTION = YES;
				GCC_WARN_UNUSED_VARIABLE = YES;
				IPHONEOS_DEPLOYMENT_TARGET = 7.0;
				SDKROOT = iphoneos;
				TARGETED_DEVICE_FAMILY = "1,2";
				VALIDATE_PRODUCT = YES;
			};
			name = Release;
		};
		EA80894B1811944600BFA71A /* Debug */ = {
			isa = XCBuildConfiguration;
			baseConfigurationReference = 52A3CB95A8FF4923A593570A /* Pods.xcconfig */;
			buildSettings = {
				ASSETCATALOG_COMPILER_APPICON_NAME = AppIcon;
				ASSETCATALOG_COMPILER_LAUNCHIMAGE_NAME = LaunchImage;
				GCC_PRECOMPILE_PREFIX_HEADER = YES;
				GCC_PREFIX_HEADER = "Sample/Sample-Prefix.pch";
				INFOPLIST_FILE = "Sample/Sample-Info.plist";
				PRODUCT_NAME = "$(TARGET_NAME)";
				WRAPPER_EXTENSION = app;
			};
			name = Debug;
		};
		EA80894C1811944600BFA71A /* Release */ = {
			isa = XCBuildConfiguration;
			baseConfigurationReference = 52A3CB95A8FF4923A593570A /* Pods.xcconfig */;
			buildSettings = {
				ASSETCATALOG_COMPILER_APPICON_NAME = AppIcon;
				ASSETCATALOG_COMPILER_LAUNCHIMAGE_NAME = LaunchImage;
				GCC_PRECOMPILE_PREFIX_HEADER = YES;
				GCC_PREFIX_HEADER = "Sample/Sample-Prefix.pch";
				INFOPLIST_FILE = "Sample/Sample-Info.plist";
				PRODUCT_NAME = "$(TARGET_NAME)";
				WRAPPER_EXTENSION = app;
			};
			name = Release;
		};
		EA80894E1811944600BFA71A /* Debug */ = {
			isa = XCBuildConfiguration;
			buildSettings = {
				ARCHS = "$(ARCHS_STANDARD_INCLUDING_64_BIT)";
				BUNDLE_LOADER = "$(BUILT_PRODUCTS_DIR)/Sample.app/Sample";
				FRAMEWORK_SEARCH_PATHS = (
					"$(SDKROOT)/Developer/Library/Frameworks",
					"$(inherited)",
					"$(DEVELOPER_FRAMEWORKS_DIR)",
				);
				GCC_PRECOMPILE_PREFIX_HEADER = YES;
				GCC_PREFIX_HEADER = "Sample/Sample-Prefix.pch";
				GCC_PREPROCESSOR_DEFINITIONS = (
					"DEBUG=1",
					"$(inherited)",
				);
				INFOPLIST_FILE = "SampleTests/SampleTests-Info.plist";
				PRODUCT_NAME = "$(TARGET_NAME)";
				TEST_HOST = "$(BUNDLE_LOADER)";
				WRAPPER_EXTENSION = xctest;
			};
			name = Debug;
		};
		EA80894F1811944600BFA71A /* Release */ = {
			isa = XCBuildConfiguration;
			buildSettings = {
				ARCHS = "$(ARCHS_STANDARD_INCLUDING_64_BIT)";
				BUNDLE_LOADER = "$(BUILT_PRODUCTS_DIR)/Sample.app/Sample";
				FRAMEWORK_SEARCH_PATHS = (
					"$(SDKROOT)/Developer/Library/Frameworks",
					"$(inherited)",
					"$(DEVELOPER_FRAMEWORKS_DIR)",
				);
				GCC_PRECOMPILE_PREFIX_HEADER = YES;
				GCC_PREFIX_HEADER = "Sample/Sample-Prefix.pch";
				INFOPLIST_FILE = "SampleTests/SampleTests-Info.plist";
				PRODUCT_NAME = "$(TARGET_NAME)";
				TEST_HOST = "$(BUNDLE_LOADER)";
				WRAPPER_EXTENSION = xctest;
			};
			name = Release;
		};
/* End XCBuildConfiguration section */

/* Begin XCConfigurationList section */
		EA8089101811944600BFA71A /* Build configuration list for PBXProject "Sample" */ = {
			isa = XCConfigurationList;
			buildConfigurations = (
				EA8089481811944600BFA71A /* Debug */,
				EA8089491811944600BFA71A /* Release */,
			);
			defaultConfigurationIsVisible = 0;
			defaultConfigurationName = Release;
		};
		EA80894A1811944600BFA71A /* Build configuration list for PBXNativeTarget "Sample" */ = {
			isa = XCConfigurationList;
			buildConfigurations = (
				EA80894B1811944600BFA71A /* Debug */,
				EA80894C1811944600BFA71A /* Release */,
			);
			defaultConfigurationIsVisible = 0;
			defaultConfigurationName = Release;
		};
		EA80894D1811944600BFA71A /* Build configuration list for PBXNativeTarget "SampleTests" */ = {
			isa = XCConfigurationList;
			buildConfigurations = (
				EA80894E1811944600BFA71A /* Debug */,
				EA80894F1811944600BFA71A /* Release */,
			);
			defaultConfigurationIsVisible = 0;
			defaultConfigurationName = Release;
		};
/* End XCConfigurationList section */
	};
	rootObject = EA80890D1811944600BFA71A /* Project object */;
}
